
Microsoft Visual Studio Solution File, Format Version 12.00
# Visual Studio Version 17
VisualStudioVersion = 17.4.33205.214
MinimumVisualStudioVersion = 10.0.40219.1
Project("{9A19103F-16F7-4668-BE54-9A1E7A4F7556}") = "QuanLiTuyenXeBusDalat", "QuanLiTuyenXeBusDalat\QuanLiTuyenXeBusDalat.csproj", "{B9C995EA-DB21-46FD-A7EE-86472F81AB29}"
EndProject
Global
	GlobalSection(SolutionConfigurationPlatforms) = preSolution
		Debug|Any CPU = Debug|Any CPU
		Release|Any CPU = Release|Any CPU
	EndGlobalSection
	GlobalSection(ProjectConfigurationPlatforms) = postSolution
		{B9C995EA-DB21-46FD-A7EE-86472F81AB29}.Debug|Any CPU.ActiveCfg = Debug|Any CPU
		{B9C995EA-DB21-46FD-A7EE-86472F81AB29}.Debug|Any CPU.Build.0 = Debug|Any CPU
		{B9C995EA-DB21-46FD-A7EE-86472F81AB29}.Release|Any CPU.ActiveCfg = Release|Any CPU
		{B9C995EA-DB21-46FD-A7EE-86472F81AB29}.Release|Any CPU.Build.0 = Release|Any CPU
	EndGlobalSection
	GlobalSection(SolutionProperties) = preSolution
		HideSolutionNode = FALSE
	EndGlobalSection
	GlobalSection(ExtensibilityGlobals) = postSolution
		SolutionGuid = {16BB8D35-A14F-4D62-80B9-9500EBF6744C}
	EndGlobalSection
EndGlobal
